
Microsoft Visual Studio Solution File, Format Version 12.00
# Visual Studio Version 16
VisualStudioVersion = 16.0.31129.286
MinimumVisualStudioVersion = 10.0.40219.1
Project("{9A19103F-16F7-4668-BE54-9A1E7A4F7556}") = "Portable", "Portable\Portable.csproj", "{192CAC05-CAB5-4808-AFD2-65F5358EE541}"
EndProject
Project("{FAE04EC0-301F-11D3-BF4B-00C04F79EFBC}") = "Settings", "Settings\Settings.csproj", "{A3EABA9A-5739-4299-8503-CCED9184DE1E}"
EndProject
Global
	GlobalSection(SolutionConfigurationPlatforms) = preSolution
		Debug|Any CPU = Debug|Any CPU
		Release|Any CPU = Release|Any CPU
	EndGlobalSection
	GlobalSection(ProjectConfigurationPlatforms) = postSolution
		{192CAC05-CAB5-4808-AFD2-65F5358EE541}.Debug|Any CPU.ActiveCfg = Debug|Any CPU
		{192CAC05-CAB5-4808-AFD2-65F5358EE541}.Debug|Any CPU.Build.0 = Debug|Any CPU
		{192CAC05-CAB5-4808-AFD2-65F5358EE541}.Release|Any CPU.ActiveCfg = Release|Any CPU
		{192CAC05-CAB5-4808-AFD2-65F5358EE541}.Release|Any CPU.Build.0 = Release|Any CPU
		{A3EABA9A-5739-4299-8503-CCED9184DE1E}.Debug|Any CPU.ActiveCfg = Debug|Any CPU
		{A3EABA9A-5739-4299-8503-CCED9184DE1E}.Debug|Any CPU.Build.0 = Debug|Any CPU
		{A3EABA9A-5739-4299-8503-CCED9184DE1E}.Release|Any CPU.ActiveCfg = Release|Any CPU
		{A3EABA9A-5739-4299-8503-CCED9184DE1E}.Release|Any CPU.Build.0 = Release|Any CPU
	EndGlobalSection
	GlobalSection(SolutionProperties) = preSolution
		HideSolutionNode = FALSE
	EndGlobalSection
	GlobalSection(ExtensibilityGlobals) = postSolution
		SolutionGuid = {EC57A66B-0DAF-4211-B365-30079C1C6C84}
	EndGlobalSection
EndGlobal
